Microsoft Visual Studio Solution File, Format Version 12.00
# Visual Studio 15
Project("{8BC9CEB8-8B4A-11D0-8D11-00A0C91BC942}") = "ALL_BUILD", "ALL_BUILD.vcxproj", "{B845D3BC-1E8E-3DEB-8D72-9047D23BC67F}"
	ProjectSection(ProjectDependencies) = postProject
		{6B66615D-AF97-344A-8707-CD90619FFB87} = {6B66615D-AF97-344A-8707-CD90619FFB87}
		{3ACA3602-FA60-3694-BA34-192EC97AEC33} = {3ACA3602-FA60-3694-BA34-192EC97AEC33}
	EndProjectSection
EndProject
Project("{8BC9CEB8-8B4A-11D0-8D11-00A0C91BC942}") = "ZERO_CHECK", "..\..\\ZERO_CHECK.vcxproj", "{6B66615D-AF97-344A-8707-CD90619FFB87}"
	ProjectSection(ProjectDependencies) = postProject
	EndProjectSection
EndProject
Project("{8BC9CEB8-8B4A-11D0-8D11-00A0C91BC942}") = "cv_hello_word", "cv_hello_word.vcxproj", "{3ACA3602-FA60-3694-BA34-192EC97AEC33}"
	ProjectSection(ProjectDependencies) = postProject
		{6B66615D-AF97-344A-8707-CD90619FFB87} = {6B66615D-AF97-344A-8707-CD90619FFB87}
	EndProjectSection
EndProject
Global
	GlobalSection(SolutionConfigurationPlatforms) = preSolution
		Debug|x64 = Debug|x64
		Release|x64 = Release|x64
		MinSizeRel|x64 = MinSizeRel|x64
		RelWithDebInfo|x64 = RelWithDebInfo|x64
	EndGlobalSection
	GlobalSection(ProjectConfigurationPlatforms) = postSolution
		{B845D3BC-1E8E-3DEB-8D72-9047D23BC67F}.Debug|x64.ActiveCfg = Debug|x64
		{B845D3BC-1E8E-3DEB-8D72-9047D23BC67F}.Release|x64.ActiveCfg = Release|x64
		{B845D3BC-1E8E-3DEB-8D72-9047D23BC67F}.MinSizeRel|x64.ActiveCfg = MinSizeRel|x64
		{B845D3BC-1E8E-3DEB-8D72-9047D23BC67F}.RelWithDebInfo|x64.ActiveCfg = RelWithDebInfo|x64
		{6B66615D-AF97-344A-8707-CD90619FFB87}.Debug|x64.ActiveCfg = Debug|x64
		{6B66615D-AF97-344A-8707-CD90619FFB87}.Debug|x64.Build.0 = Debug|x64
		{6B66615D-AF97-344A-8707-CD90619FFB87}.Release|x64.ActiveCfg = Release|x64
		{6B66615D-AF97-344A-8707-CD90619FFB87}.Release|x64.Build.0 = Release|x64
		{6B66615D-AF97-344A-8707-CD90619FFB87}.MinSizeRel|x64.ActiveCfg = MinSizeRel|x64
		{6B66615D-AF97-344A-8707-CD90619FFB87}.MinSizeRel|x64.Build.0 = MinSizeRel|x64
		{6B66615D-AF97-344A-8707-CD90619FFB87}.RelWithDebInfo|x64.ActiveCfg = RelWithDebInfo|x64
		{6B66615D-AF97-344A-8707-CD90619FFB87}.RelWithDebInfo|x64.Build.0 = RelWithDebInfo|x64
		{3ACA3602-FA60-3694-BA34-192EC97AEC33}.Debug|x64.ActiveCfg = Debug|x64
		{3ACA3602-FA60-3694-BA34-192EC97AEC33}.Debug|x64.Build.0 = Debug|x64
		{3ACA3602-FA60-3694-BA34-192EC97AEC33}.Release|x64.ActiveCfg = Release|x64
		{3ACA3602-FA60-3694-BA34-192EC97AEC33}.Release|x64.Build.0 = Release|x64
		{3ACA3602-FA60-3694-BA34-192EC97AEC33}.MinSizeRel|x64.ActiveCfg = MinSizeRel|x64
		{3ACA3602-FA60-3694-BA34-192EC97AEC33}.MinSizeRel|x64.Build.0 = MinSizeRel|x64
		{3ACA3602-FA60-3694-BA34-192EC97AEC33}.RelWithDebInfo|x64.ActiveCfg = RelWithDebInfo|x64
		{3ACA3602-FA60-3694-BA34-192EC97AEC33}.RelWithDebInfo|x64.Build.0 = RelWithDebInfo|x64
	EndGlobalSection
	GlobalSection(ExtensibilityGlobals) = postSolution
		SolutionGuid = {3168D496-F7A6-3075-821A-D373CC6517EE}
	EndGlobalSection
	GlobalSection(ExtensibilityAddIns) = postSolution
	EndGlobalSection
EndGlobal
